
Microsoft Visual Studio Solution File, Format Version 12.00
# Visual Studio Version 17
VisualStudioVersion = 17.8.34330.188
MinimumVisualStudioVersion = 10.0.40219.1
Project("{FAE04EC0-301F-11D3-BF4B-00C04F79EFBC}") = "SatSolver", "SatSolver\SatSolver.csproj", "{F30CAAD0-851E-AFC6-0C91-A55DE54C1653}"
EndProject
Project("{FAE04EC0-301F-11D3-BF4B-00C04F79EFBC}") = "CongruenceClosure", "CongruenceClosure\CongruenceClosure.csproj", "{CE34002E-6985-123D-2820-7F78D0114054}"
EndProject
Global
	GlobalSection(SolutionConfigurationPlatforms) = preSolution
		Debug|Any CPU = Debug|Any CPU
		Release|Any CPU = Release|Any CPU
	EndGlobalSection
	GlobalSection(ProjectConfigurationPlatforms) = postSolution
		{F30CAAD0-851E-AFC6-0C91-A55DE54C1653}.Debug|Any CPU.ActiveCfg = Debug|Any CPU
		{F30CAAD0-851E-AFC6-0C91-A55DE54C1653}.Debug|Any CPU.Build.0 = Debug|Any CPU
		{F30CAAD0-851E-AFC6-0C91-A55DE54C1653}.Release|Any CPU.ActiveCfg = Release|Any CPU
		{F30CAAD0-851E-AFC6-0C91-A55DE54C1653}.Release|Any CPU.Build.0 = Release|Any CPU
		{CE34002E-6985-123D-2820-7F78D0114054}.Debug|Any CPU.ActiveCfg = Debug|Any CPU
		{CE34002E-6985-123D-2820-7F78D0114054}.Debug|Any CPU.Build.0 = Debug|Any CPU
		{CE34002E-6985-123D-2820-7F78D0114054}.Release|Any CPU.ActiveCfg = Release|Any CPU
		{CE34002E-6985-123D-2820-7F78D0114054}.Release|Any CPU.Build.0 = Release|Any CPU
	EndGlobalSection
	GlobalSection(SolutionProperties) = preSolution
		HideSolutionNode = FALSE
	EndGlobalSection
	GlobalSection(ExtensibilityGlobals) = postSolution
		SolutionGuid = {97C5985A-B9F2-4C54-B9DA-3C989CD15875}
	EndGlobalSection
EndGlobal
